
Microsoft Visual Studio Solution File, Format Version 12.00
# Visual Studio Version 17
VisualStudioVersion = 17.6.33801.468
MinimumVisualStudioVersion = 10.0.40219.1
Project("{FAE04EC0-301F-11D3-BF4B-00C04F79EFBC}") = "ApiBase", "ApiBase.csproj", "{5DDE585D-3C97-4D9A-8F5F-7D423DA4244E}"
EndProject
Global
	GlobalSection(SolutionConfigurationPlatforms) = preSolution
		Debug|Any CPU = Debug|Any CPU
		Release|Any CPU = Release|Any CPU
	EndGlobalSection
	GlobalSection(ProjectConfigurationPlatforms) = postSolution
		{5DDE585D-3C97-4D9A-8F5F-7D423DA4244E}.Debug|Any CPU.ActiveCfg = Debug|Any CPU
		{5DDE585D-3C97-4D9A-8F5F-7D423DA4244E}.Debug|Any CPU.Build.0 = Debug|Any CPU
		{5DDE585D-3C97-4D9A-8F5F-7D423DA4244E}.Release|Any CPU.ActiveCfg = Release|Any CPU
		{5DDE585D-3C97-4D9A-8F5F-7D423DA4244E}.Release|Any CPU.Build.0 = Release|Any CPU
	EndGlobalSection
	GlobalSection(SolutionProperties) = preSolution
		HideSolutionNode = FALSE
	EndGlobalSection
	GlobalSection(ExtensibilityGlobals) = postSolution
		SolutionGuid = {982C37C2-E0B7-4396-9655-526DEDBB180A}
	EndGlobalSection
EndGlobal
